
Microsoft Visual Studio Solution File, Format Version 12.00
# Visual Studio Version 16
VisualStudioVersion = 16.0.30320.27
MinimumVisualStudioVersion = 10.0.40219.1
Project("{2150E333-8FDC-42A3-9474-1A3956D46DE8}") = "CleanArchitecture.Application", "CleanArchitecture.Application", "{419DA496-CD33-40DC-BC3F-53D4EF5A04EE}"
EndProject
Project("{2150E333-8FDC-42A3-9474-1A3956D46DE8}") = "CleanArchitecture.Domain", "CleanArchitecture.Domain", "{E14DBC52-86B9-4145-A58B-8219BD68AB1E}"
EndProject
Project("{2150E333-8FDC-42A3-9474-1A3956D46DE8}") = "CleanArchitecture.Infra.Data", "CleanArchitecture.Infra.Data", "{A82CD09D-2C74-482A-B735-E807851EA862}"
EndProject
Project("{2150E333-8FDC-42A3-9474-1A3956D46DE8}") = "CleanArchitecture.Infra.IoC", "CleanArchitecture.Infra.IoC", "{A0950F35-EA65-466B-81EE-41BAEC9FCDE9}"
EndProject
Project("{2150E333-8FDC-42A3-9474-1A3956D46DE8}") = "CleanArchitecture.UI.Mvc", "CleanArchitecture.UI.Mvc", "{24C8B4F4-1E6C-4318-B884-3965AD7A0436}"
EndProject
Project("{FAE04EC0-301F-11D3-BF4B-00C04F79EFBC}") = "CleanArchitecture.Mvc", "CleanArchitecture.Mvc\CleanArchitecture.Mvc.csproj", "{84B407FF-FDFD-4EFC-8481-2FC8299AC9D8}"
EndProject
Global
	GlobalSection(SolutionConfigurationPlatforms) = preSolution
		Debug|Any CPU = Debug|Any CPU
		Release|Any CPU = Release|Any CPU
	EndGlobalSection
	GlobalSection(ProjectConfigurationPlatforms) = postSolution
		{84B407FF-FDFD-4EFC-8481-2FC8299AC9D8}.Debug|Any CPU.ActiveCfg = Debug|Any CPU
		{84B407FF-FDFD-4EFC-8481-2FC8299AC9D8}.Debug|Any CPU.Build.0 = Debug|Any CPU
		{84B407FF-FDFD-4EFC-8481-2FC8299AC9D8}.Release|Any CPU.ActiveCfg = Release|Any CPU
		{84B407FF-FDFD-4EFC-8481-2FC8299AC9D8}.Release|Any CPU.Build.0 = Release|Any CPU
	EndGlobalSection
	GlobalSection(SolutionProperties) = preSolution
		HideSolutionNode = FALSE
	EndGlobalSection
	GlobalSection(NestedProjects) = preSolution
		{84B407FF-FDFD-4EFC-8481-2FC8299AC9D8} = {24C8B4F4-1E6C-4318-B884-3965AD7A0436}
	EndGlobalSection
	GlobalSection(ExtensibilityGlobals) = postSolution
		SolutionGuid = {4DCD21C7-B13F-4FE9-8449-710EC79357FB}
	EndGlobalSection
EndGlobal
