
Microsoft Visual Studio Solution File, Format Version 12.00
# Visual Studio Version 16
VisualStudioVersion = 16.0.30320.27
MinimumVisualStudioVersion = 10.0.40219.1
Project("{2150E333-8FDC-42A3-9474-1A3956D46DE8}") = "Application", "Application", "{419DA496-CD33-40DC-BC3F-53D4EF5A04EE}"
EndProject
Project("{2150E333-8FDC-42A3-9474-1A3956D46DE8}") = "Domain", "Domain", "{E14DBC52-86B9-4145-A58B-8219BD68AB1E}"
EndProject
Project("{2150E333-8FDC-42A3-9474-1A3956D46DE8}") = "Infra.Data", "Infra.Data", "{A82CD09D-2C74-482A-B735-E807851EA862}"
EndProject
Project("{2150E333-8FDC-42A3-9474-1A3956D46DE8}") = "Infra.IoC", "Infra.IoC", "{A0950F35-EA65-466B-81EE-41BAEC9FCDE9}"
EndProject
Project("{2150E333-8FDC-42A3-9474-1A3956D46DE8}") = "Presentation", "Presentation", "{24C8B4F4-1E6C-4318-B884-3965AD7A0436}"
EndProject
Project("{9A19103F-16F7-4668-BE54-9A1E7A4F7556}") = "CleanArchitecture.Mvc", "CleanArchitecture.Mvc\CleanArchitecture.Mvc.csproj", "{84B407FF-FDFD-4EFC-8481-2FC8299AC9D8}"
EndProject
Project("{FAE04EC0-301F-11D3-BF4B-00C04F79EFBC}") = "CleanArchitecture.Domain", "CleanArchtitecture.Domailn\CleanArchitecture.Domain.csproj", "{B3299756-E019-430F-B580-FA97036DB843}"
EndProject
Project("{FAE04EC0-301F-11D3-BF4B-00C04F79EFBC}") = "CleanArchitecture.Infra.Data", "CleanArchitecture.Infra.Data\CleanArchitecture.Infra.Data.csproj", "{768DD3E8-2880-477E-BE20-DAD3C3F76C9D}"
EndProject
Project("{FAE04EC0-301F-11D3-BF4B-00C04F79EFBC}") = "CleanArchitecture.Application", "CleanArchitecture.Application\CleanArchitecture.Application.csproj", "{677A2F32-0671-45B4-B921-5DE4D2E756FE}"
EndProject
Project("{FAE04EC0-301F-11D3-BF4B-00C04F79EFBC}") = "CleanArchitecture.Infra.IoC", "CleanArchitecture.Infra.IoC\CleanArchitecture.Infra.IoC.csproj", "{40B678B3-55CF-480A-94A5-9579E4ED8817}"
EndProject
Project("{2150E333-8FDC-42A3-9474-1A3956D46DE8}") = "Api", "Api", "{79DCE0DF-92EE-4904-B042-2FEDC047F39D}"
EndProject
Project("{2150E333-8FDC-42A3-9474-1A3956D46DE8}") = "Infra.Bus", "Infra.Bus", "{67CAE63E-BD71-4254-8A7E-5BB2BF1B408C}"
EndProject
Global
	GlobalSection(SolutionConfigurationPlatforms) = preSolution
		Debug|Any CPU = Debug|Any CPU
		Release|Any CPU = Release|Any CPU
	EndGlobalSection
	GlobalSection(ProjectConfigurationPlatforms) = postSolution
		{84B407FF-FDFD-4EFC-8481-2FC8299AC9D8}.Debug|Any CPU.ActiveCfg = Debug|Any CPU
		{84B407FF-FDFD-4EFC-8481-2FC8299AC9D8}.Debug|Any CPU.Build.0 = Debug|Any CPU
		{84B407FF-FDFD-4EFC-8481-2FC8299AC9D8}.Release|Any CPU.ActiveCfg = Release|Any CPU
		{84B407FF-FDFD-4EFC-8481-2FC8299AC9D8}.Release|Any CPU.Build.0 = Release|Any CPU
		{B3299756-E019-430F-B580-FA97036DB843}.Debug|Any CPU.ActiveCfg = Debug|Any CPU
		{B3299756-E019-430F-B580-FA97036DB843}.Debug|Any CPU.Build.0 = Debug|Any CPU
		{B3299756-E019-430F-B580-FA97036DB843}.Release|Any CPU.ActiveCfg = Release|Any CPU
		{B3299756-E019-430F-B580-FA97036DB843}.Release|Any CPU.Build.0 = Release|Any CPU
		{768DD3E8-2880-477E-BE20-DAD3C3F76C9D}.Debug|Any CPU.ActiveCfg = Debug|Any CPU
		{768DD3E8-2880-477E-BE20-DAD3C3F76C9D}.Debug|Any CPU.Build.0 = Debug|Any CPU
		{768DD3E8-2880-477E-BE20-DAD3C3F76C9D}.Release|Any CPU.ActiveCfg = Release|Any CPU
		{768DD3E8-2880-477E-BE20-DAD3C3F76C9D}.Release|Any CPU.Build.0 = Release|Any CPU
		{677A2F32-0671-45B4-B921-5DE4D2E756FE}.Debug|Any CPU.ActiveCfg = Debug|Any CPU
		{677A2F32-0671-45B4-B921-5DE4D2E756FE}.Debug|Any CPU.Build.0 = Debug|Any CPU
		{677A2F32-0671-45B4-B921-5DE4D2E756FE}.Release|Any CPU.ActiveCfg = Release|Any CPU
		{677A2F32-0671-45B4-B921-5DE4D2E756FE}.Release|Any CPU.Build.0 = Release|Any CPU
		{40B678B3-55CF-480A-94A5-9579E4ED8817}.Debug|Any CPU.ActiveCfg = Debug|Any CPU
		{40B678B3-55CF-480A-94A5-9579E4ED8817}.Debug|Any CPU.Build.0 = Debug|Any CPU
		{40B678B3-55CF-480A-94A5-9579E4ED8817}.Release|Any CPU.ActiveCfg = Release|Any CPU
		{40B678B3-55CF-480A-94A5-9579E4ED8817}.Release|Any CPU.Build.0 = Release|Any CPU
	EndGlobalSection
	GlobalSection(SolutionProperties) = preSolution
		HideSolutionNode = FALSE
	EndGlobalSection
	GlobalSection(NestedProjects) = preSolution
		{84B407FF-FDFD-4EFC-8481-2FC8299AC9D8} = {24C8B4F4-1E6C-4318-B884-3965AD7A0436}
		{B3299756-E019-430F-B580-FA97036DB843} = {E14DBC52-86B9-4145-A58B-8219BD68AB1E}
		{768DD3E8-2880-477E-BE20-DAD3C3F76C9D} = {A82CD09D-2C74-482A-B735-E807851EA862}
		{677A2F32-0671-45B4-B921-5DE4D2E756FE} = {419DA496-CD33-40DC-BC3F-53D4EF5A04EE}
		{40B678B3-55CF-480A-94A5-9579E4ED8817} = {A0950F35-EA65-466B-81EE-41BAEC9FCDE9}
	EndGlobalSection
	GlobalSection(ExtensibilityGlobals) = postSolution
		SolutionGuid = {4DCD21C7-B13F-4FE9-8449-710EC79357FB}
	EndGlobalSection
EndGlobal
